{
    "name": "@helios-lang/contract-utils",
    "version": "0.2.16",
    "lockfileVersion": 3,
    "requires": true,
    "packages": {
        "": {
            "name": "@helios-lang/contract-utils",
            "version": "0.2.16",
            "license": "BSD-3-Clause",
            "dependencies": {
                "@helios-lang/cli-utils": "^0.1.6",
                "@helios-lang/codec-utils": "^0.1.30",
                "@helios-lang/compiler-utils": "^0.1.25",
                "@helios-lang/ledger": "^0.2.8",
                "@helios-lang/type-utils": "^0.1.21",
                "@helios-lang/uplc": "^0.1.31"
            },
            "bin": {
                "hl2ts": "src/hl2ts.js"
            },
            "devDependencies": {
                "@types/node": "^20.11.24",
                "prettier": "^3.1.0",
                "typescript": "^5.3.2"
            },
            "peerDependencies": {
                "@helios-lang/compiler": "*"
            }
        },
        "node_modules/@helios-lang/cbor": {
            "version": "0.1.21",
            "resolved": "https://registry.npmjs.org/@helios-lang/cbor/-/cbor-0.1.21.tgz",
            "integrity": "sha512-EHIKmN1fDPtEwjvPHCjCHf3JtCK2j09z6dwTiSI4HJ7sl62nr5Ti1B0/EkiKrahfKQnYl/wgtVyKoY/qgIJQMw==",
            "dependencies": {
                "@helios-lang/codec-utils": "^0.1.30",
                "@helios-lang/type-utils": "^0.1.18"
            }
        },
        "node_modules/@helios-lang/cli-utils": {
            "version": "0.1.6",
            "resolved": "https://registry.npmjs.org/@helios-lang/cli-utils/-/cli-utils-0.1.6.tgz",
            "integrity": "sha512-yJd7bJR2N1AR2DbH6GQRq4nRB91QUyEQf6vJzMNTmEqtQoofhGDSJ3N8NDr5NIcDbcBgfJhUqdnOi9vmmewxAg==",
            "dependencies": {
                "@helios-lang/codec-utils": "^0.1.30",
                "@helios-lang/type-utils": "^0.1.18"
            }
        },
        "node_modules/@helios-lang/codec-utils": {
            "version": "0.1.32",
            "resolved": "https://registry.npmjs.org/@helios-lang/codec-utils/-/codec-utils-0.1.32.tgz",
            "integrity": "sha512-aheriFzYcWSn8B9AndryOeeiBftVKI+RgmkB2J1n12LpB2ePqtIvvJuau72VEPyZGZVuXjxuBaKbbhdDRbWhxg=="
        },
        "node_modules/@helios-lang/compiler": {
            "version": "0.17.0-5",
            "resolved": "https://registry.npmjs.org/@helios-lang/compiler/-/compiler-0.17.0-5.tgz",
            "integrity": "sha512-VoOLKYmtUUu7JFxvSSFQIBmwPvR1m6I4xFyeageSsChXckDTJaOPrN8sQ5uKGP70MoXQJ/0nOHypir2RSrVSmw==",
            "peer": true,
            "dependencies": {
                "@helios-lang/codec-utils": "^0.1.32",
                "@helios-lang/compiler-utils": "^0.1.52",
                "@helios-lang/ir": "^0.1.8",
                "@helios-lang/type-utils": "^0.1.20",
                "@helios-lang/uplc": "^0.1.35"
            }
        },
        "node_modules/@helios-lang/compiler-utils": {
            "version": "0.1.52",
            "resolved": "https://registry.npmjs.org/@helios-lang/compiler-utils/-/compiler-utils-0.1.52.tgz",
            "integrity": "sha512-lkDCYy9EvY4kST797q42dv2BjcjHkGTf9FnbDRoris9FicTSUx8q008DzlxMlEuXyaZ89zenYGQkkaMk3bAJrQ==",
            "dependencies": {
                "@helios-lang/codec-utils": "^0.1.30",
                "@helios-lang/type-utils": "^0.1.18"
            }
        },
        "node_modules/@helios-lang/crypto": {
            "version": "0.1.9",
            "resolved": "https://registry.npmjs.org/@helios-lang/crypto/-/crypto-0.1.9.tgz",
            "integrity": "sha512-4sXmWNbCqTejpkSh8qzeRXy+62LRQ/P4t3idMxZ3zKpz3RLNgFWiDMhSfmVBakzVbAuVVSeQrzcXTPEwq4pM/w==",
            "dependencies": {
                "@helios-lang/codec-utils": "^0.1.30"
            }
        },
        "node_modules/@helios-lang/ir": {
            "version": "0.1.8",
            "resolved": "https://registry.npmjs.org/@helios-lang/ir/-/ir-0.1.8.tgz",
            "integrity": "sha512-agdXG19d7mFxkiiLM76oIKWkwf4TBX1L8VxpGCFvnsZiX0qtIP/nLPL2rOD6U21K28AqcAfk1aiD+8lO0qGz6g==",
            "peer": true,
            "dependencies": {
                "@helios-lang/codec-utils": "^0.1.32",
                "@helios-lang/compiler-utils": "^0.1.49",
                "@helios-lang/type-utils": "^0.1.19",
                "@helios-lang/uplc": "^0.1.36"
            }
        },
        "node_modules/@helios-lang/ledger": {
            "version": "0.2.8",
            "resolved": "https://registry.npmjs.org/@helios-lang/ledger/-/ledger-0.2.8.tgz",
            "integrity": "sha512-gXGAcCxo3DH+SZTqWt/mu+o/Uq9o+48s7WC5zd5nwbjWqDmuPn3LjhsPbvHxWf/qve4K6I0Xr06jNEe7u2ibKA==",
            "dependencies": {
                "@helios-lang/cbor": "^0.1.20",
                "@helios-lang/codec-utils": "^0.1.29",
                "@helios-lang/crypto": "^0.1.8",
                "@helios-lang/type-utils": "^0.1.19",
                "@helios-lang/uplc": "^0.1.30"
            }
        },
        "node_modules/@helios-lang/type-utils": {
            "version": "0.1.21",
            "resolved": "https://registry.npmjs.org/@helios-lang/type-utils/-/type-utils-0.1.21.tgz",
            "integrity": "sha512-z12O84kEwVzqYmcYL+SWCaZNIkmF4cDvKFOtL3KiR6pwl8KngqiQk8MnBEyG06FUMKxCSknWayPGIYzM2HcqBw=="
        },
        "node_modules/@helios-lang/uplc": {
            "version": "0.1.36",
            "resolved": "https://registry.npmjs.org/@helios-lang/uplc/-/uplc-0.1.36.tgz",
            "integrity": "sha512-/zLwW3z2NVPf3+JZyRmyObwx2HQuNZL4KNdN9g975ECLgBxoXHZno4MowOJbnI/++k8Tcgba5Ce3ZzWjEWtaew==",
            "dependencies": {
                "@helios-lang/cbor": "^0.1.21",
                "@helios-lang/codec-utils": "^0.1.30",
                "@helios-lang/compiler-utils": "^0.1.25",
                "@helios-lang/crypto": "^0.1.9",
                "@helios-lang/type-utils": "^0.1.18"
            }
        },
        "node_modules/@types/node": {
            "version": "20.11.28",
            "resolved": "https://registry.npmjs.org/@types/node/-/node-20.11.28.tgz",
            "integrity": "sha512-M/GPWVS2wLkSkNHVeLkrF2fD5Lx5UC4PxA0uZcKc6QqbIQUJyW1jVjueJYi1z8n0I5PxYrtpnPnWglE+y9A0KA==",
            "dev": true,
            "dependencies": {
                "undici-types": "~5.26.4"
            }
        },
        "node_modules/prettier": {
            "version": "3.2.5",
            "resolved": "https://registry.npmjs.org/prettier/-/prettier-3.2.5.tgz",
            "integrity": "sha512-3/GWa9aOC0YeD7LUfvOG2NiDyhOWRvt1k+rcKhOuYnMY24iiCphgneUfJDyFXd6rZCAnuLBv6UeAULtrhT/F4A==",
            "dev": true,
            "bin": {
                "prettier": "bin/prettier.cjs"
            },
            "engines": {
                "node": ">=14"
            },
            "funding": {
                "url": "https://github.com/prettier/prettier?sponsor=1"
            }
        },
        "node_modules/typescript": {
            "version": "5.4.2",
            "resolved": "https://registry.npmjs.org/typescript/-/typescript-5.4.2.tgz",
            "integrity": "sha512-+2/g0Fds1ERlP6JsakQQDXjZdZMM+rqpamFZJEKh4kwTIn3iDkgKtby0CeNd5ATNZ4Ry1ax15TMx0W2V+miizQ==",
            "dev": true,
            "bin": {
                "tsc": "bin/tsc",
                "tsserver": "bin/tsserver"
            },
            "engines": {
                "node": ">=14.17"
            }
        },
        "node_modules/undici-types": {
            "version": "5.26.5",
            "resolved": "https://registry.npmjs.org/undici-types/-/undici-types-5.26.5.tgz",
            "integrity": "sha512-JlCMO+ehdEIKqlFxk6IfVoAUVmgz7cU7zD/h9XZ0qzeosSHmUJVOzSQvvYSYWXkFXC+IfLKSIffhv0sVZup6pA==",
            "dev": true
        }
    }
}
